
Microsoft Visual Studio Solution File, Format Version 12.00
# Visual Studio Version 17
VisualStudioVersion = 17.4.33213.308
MinimumVisualStudioVersion = 10.0.40219.1
Project("{FAE04EC0-301F-11D3-BF4B-00C04F79EFBC}") = "Sae 2.3 Réseau", "Sae 2.3 Réseau.csproj", "{0D3ADA11-79E3-472B-BE09-FE98B7FFB076}"
EndProject
Global
	GlobalSection(SolutionConfigurationPlatforms) = preSolution
		Debug|Any CPU = Debug|Any CPU
		Release|Any CPU = Release|Any CPU
	EndGlobalSection
	GlobalSection(ProjectConfigurationPlatforms) = postSolution
		{0D3ADA11-79E3-472B-BE09-FE98B7FFB076}.Debug|Any CPU.ActiveCfg = Debug|Any CPU
		{0D3ADA11-79E3-472B-BE09-FE98B7FFB076}.Debug|Any CPU.Build.0 = Debug|Any CPU
		{0D3ADA11-79E3-472B-BE09-FE98B7FFB076}.Release|Any CPU.ActiveCfg = Release|Any CPU
		{0D3ADA11-79E3-472B-BE09-FE98B7FFB076}.Release|Any CPU.Build.0 = Release|Any CPU
	EndGlobalSection
	GlobalSection(SolutionProperties) = preSolution
		HideSolutionNode = FALSE
	EndGlobalSection
	GlobalSection(ExtensibilityGlobals) = postSolution
		SolutionGuid = {F1127320-427E-4E6E-B285-2143D303729D}
	EndGlobalSection
EndGlobal
